
Microsoft Visual Studio Solution File, Format Version 12.00
# Visual Studio 14
VisualStudioVersion = 14.0.25420.1
MinimumVisualStudioVersion = 10.0.40219.1
Project("{FAE04EC0-301F-11D3-BF4B-00C04F79EFBC}") = "TrenerApp", "TrenerApp\TrenerApp.csproj", "{E3FB80FA-0EC3-4CA5-B8F1-1814C07327EF}"
EndProject
Project("{FAE04EC0-301F-11D3-BF4B-00C04F79EFBC}") = "UserClass", "UserClass\UserClass.csproj", "{44B793FE-84C8-46F4-85C5-DD8814233DEB}"
EndProject
Project("{FAE04EC0-301F-11D3-BF4B-00C04F79EFBC}") = "RecipeClass", "RecipeClass\RecipeClass.csproj", "{E62147AF-51C4-404D-A986-7F9928E6D551}"
EndProject
Global
	GlobalSection(SolutionConfigurationPlatforms) = preSolution
		Debug|Any CPU = Debug|Any CPU
		Release|Any CPU = Release|Any CPU
	EndGlobalSection
	GlobalSection(ProjectConfigurationPlatforms) = postSolution
		{E3FB80FA-0EC3-4CA5-B8F1-1814C07327EF}.Debug|Any CPU.ActiveCfg = Debug|Any CPU
		{E3FB80FA-0EC3-4CA5-B8F1-1814C07327EF}.Debug|Any CPU.Build.0 = Debug|Any CPU
		{E3FB80FA-0EC3-4CA5-B8F1-1814C07327EF}.Release|Any CPU.ActiveCfg = Release|Any CPU
		{E3FB80FA-0EC3-4CA5-B8F1-1814C07327EF}.Release|Any CPU.Build.0 = Release|Any CPU
		{44B793FE-84C8-46F4-85C5-DD8814233DEB}.Debug|Any CPU.ActiveCfg = Debug|Any CPU
		{44B793FE-84C8-46F4-85C5-DD8814233DEB}.Debug|Any CPU.Build.0 = Debug|Any CPU
		{44B793FE-84C8-46F4-85C5-DD8814233DEB}.Release|Any CPU.ActiveCfg = Release|Any CPU
		{44B793FE-84C8-46F4-85C5-DD8814233DEB}.Release|Any CPU.Build.0 = Release|Any CPU
		{E62147AF-51C4-404D-A986-7F9928E6D551}.Debug|Any CPU.ActiveCfg = Debug|Any CPU
		{E62147AF-51C4-404D-A986-7F9928E6D551}.Debug|Any CPU.Build.0 = Debug|Any CPU
		{E62147AF-51C4-404D-A986-7F9928E6D551}.Release|Any CPU.ActiveCfg = Release|Any CPU
		{E62147AF-51C4-404D-A986-7F9928E6D551}.Release|Any CPU.Build.0 = Release|Any CPU
	EndGlobalSection
	GlobalSection(SolutionProperties) = preSolution
		HideSolutionNode = FALSE
	EndGlobalSection
EndGlobal
